github.com/rakyll/statik v0.1.7 h1:OF3QCZUuyPxuGEP7B4ypUa7sB/iHtqOTDYZXGM8KOdQ=
github.com/rakyll/statik v0.1.7/go.mod h1:AlZONWzMtEnMs7W4e/1LURLiI49pIMmp6V9Unghqrcc=
github.com/webview/webview v0.0.0-20220708123937-d7bd55814dbd h1:aWEgxNdbRbQVt5bYFaRYxz629POvossM6CIbwyAWjpQ=
github.com/webview/webview v0.0.0-20220708123937-d7bd55814dbd/go.mod h1:rpXAuuHgyEJb6kXcXldlkOjU6y4x+YcASKKXJNUhh0Y=
